{
  "lockfileVersion": 1,
  "configVersion": 1,
  "workspaces": {
    "": {
      "name": "clogdy",
      "devDependencies": {
        "@types/bun": "^1.3.14",
        "lefthook": "^2.1.9",
        "typescript": "^5.5.0",
      },
    },
    "packages/analytics": {
      "name": "@clogdy/analytics",
      "version": "0.0.0",
      "dependencies": {
        "@clogdy/shared": "file:../shared",
        "@duckdb/node-api": "1.4.5-r.1",
      },
      "devDependencies": {
        "@types/bun": "^1.3.14",
      },
    },
    "packages/ingest": {
      "name": "@clogdy/ingest",
      "version": "0.0.0",
      "dependencies": {
        "@clogdy/shared": "file:../shared",
      },
      "devDependencies": {
        "@types/bun": "^1.3.14",
      },
    },
    "packages/server": {
      "name": "@clogdy/server",
      "version": "0.0.0",
      "dependencies": {
        "@clogdy/shared": "file:../shared",
        "hono": "^4.6.0",
      },
      "devDependencies": {
        "@clogdy/ingest": "file:../ingest",
        "@types/bun": "^1.3.14",
      },
    },
    "packages/shared": {
      "name": "@clogdy/shared",
      "version": "0.0.0",
      "devDependencies": {
        "@types/bun": "^1.3.14",
      },
    },
    "packages/web": {
      "name": "@clogdy/web",
      "version": "0.0.0",
      "dependencies": {
        "@clogdy/shared": "file:../shared",
      },
      "devDependencies": {
        "@types/bun": "^1.3.14",
      },
    },
    "tui": {
      "name": "@clogdy/tui",
      "version": "0.0.0",
      "dependencies": {
        "clogdy": "file:..",
        "ink": "^7.1.0",
        "react": "^19.2.7",
      },
      "devDependencies": {
        "@types/react": "^19.2.17",
      },
    },
  },
  "packages": {
    "@alcalzone/ansi-tokenize": ["@alcalzone/ansi-tokenize@0.3.0", "", { "dependencies": { "ansi-styles": "^6.2.1", "is-fullwidth-code-point": "^5.0.0" } }, "sha512-p+CMKJ93HFmLkjXKlXiVGlMQEuRb6H0MokBSwUsX+S6BRX8eV5naFZpQJFfJHjRZY0Hmnqy1/r6UWl3x+19zYA=="],

    "@clogdy/analytics": ["@clogdy/analytics@workspace:packages/analytics"],

    "@clogdy/ingest": ["@clogdy/ingest@workspace:packages/ingest"],

    "@clogdy/server": ["@clogdy/server@workspace:packages/server"],

    "@clogdy/shared": ["@clogdy/shared@workspace:packages/shared"],

    "@clogdy/tui": ["@clogdy/tui@workspace:tui"],

    "@clogdy/web": ["@clogdy/web@workspace:packages/web"],

    "@duckdb/node-api": ["@duckdb/node-api@1.4.5-r.1", "", { "dependencies": { "@duckdb/node-bindings": "1.4.5-r.1" } }, "sha512-lXPfeJclmhTGhBBnfVXy4siuGNpa8QaUIQGAWlDirC92Dq5fELdITI/LihiFDh5Gz7aM8AN9stCGIH891uv1oQ=="],

    "@duckdb/node-bindings": ["@duckdb/node-bindings@1.4.5-r.1", "", { "optionalDependencies": { "@duckdb/node-bindings-darwin-arm64": "1.4.5-r.1", "@duckdb/node-bindings-darwin-x64": "1.4.5-r.1", "@duckdb/node-bindings-linux-arm64": "1.4.5-r.1", "@duckdb/node-bindings-linux-x64": "1.4.5-r.1", "@duckdb/node-bindings-win32-arm64": "1.4.5-r.1", "@duckdb/node-bindings-win32-x64": "1.4.5-r.1" } }, "sha512-yIXjn8PcB/twK5qzlGyAYflWS7SOc+Pw2GSDzXOszL2uDWthozMj44c3kCWFVLx8P1lfjXw7N9Fjca+uBQpn6Q=="],

    "@duckdb/node-bindings-darwin-arm64": ["@duckdb/node-bindings-darwin-arm64@1.4.5-r.1", "", { "os": "darwin", "cpu": "arm64" }, "sha512-daWqehxIQX5Fnlbkp+yTX2A7rrlXWzfMYNLqil+kZXI7zKG7D/EmT+gWcgSL8N9Jo0fR9RBo8CtzUlR/AaRL5Q=="],

    "@duckdb/node-bindings-darwin-x64": ["@duckdb/node-bindings-darwin-x64@1.4.5-r.1", "", { "os": "darwin", "cpu": "x64" }, "sha512-iTtnNyVXF8zbdlxOe+Rgjcbbv+4WCkWYGfK3ejCwhaqBc8DH07fWPP5ZGtSbUDs/LDOvV/4k3IGD9hXaNTBmPw=="],

    "@duckdb/node-bindings-linux-arm64": ["@duckdb/node-bindings-linux-arm64@1.4.5-r.1", "", { "os": "linux", "cpu": "arm64" }, "sha512-hDGBZDU5fum/4VDa/PFXUReZKb6ijOx63n10CZUKyY7tnZUV3K3/VpGdCpFyv+jwGuB2M27HpTwMtFYulRmGPQ=="],

    "@duckdb/node-bindings-linux-x64": ["@duckdb/node-bindings-linux-x64@1.4.5-r.1", "", { "os": "linux", "cpu": "x64" }, "sha512-/0lEDmIx3crdopnz9snXnJGm1tvf6pqowX/LvycMnKYMAfpeXiQDLjAqgCJ4+95O4Y6An+Fgy6e4m7WW7ZYxVg=="],

    "@duckdb/node-bindings-win32-arm64": ["@duckdb/node-bindings-win32-arm64@1.4.5-r.1", "", { "os": "win32", "cpu": "arm64" }, "sha512-j+2s9yYlQW1lkGydObiZCPfmW6GzvqgYF42IPY0b9laENFvGz6tD5dwfZ8E41L5vwFSaK1AhjOZ6NFcCMQEPtg=="],

    "@duckdb/node-bindings-win32-x64": ["@duckdb/node-bindings-win32-x64@1.4.5-r.1", "", { "os": "win32", "cpu": "x64" }, "sha512-4a1FmopqCbJgtUwDswEAzozCbSOR+waiJyAl4K9LHfACV897e72w/XZQT9kHEw36GJE03uWJIyqHlcV+WA+tXA=="],

    "@types/bun": ["@types/bun@1.3.14", "", { "dependencies": { "bun-types": "1.3.14" } }, "sha512-h1hFqFVcvAvD9j9K7ZW7vd82aSA+rTdznZa+5bwvCwqSB1jmmfLcbIWhOLx1/+boy/xmjgCs/OMUL8hRJSmnPw=="],

    "@types/node": ["@types/node@26.0.1", "", { "dependencies": { "undici-types": "~8.3.0" } }, "sha512-fc3KiUoBt6kie0N9bIW3E47vZsuaMf0PM2AaUpLCLT0s/LvX1nxAim6Fc049cNxODPpGm6qRAuUOB86SkRuPQw=="],

    "@types/react": ["@types/react@19.2.17", "", { "dependencies": { "csstype": "^3.2.2" } }, "sha512-MXfmqaVPEVgkBT/aY0aGCkRWWtByiYQXo3xdQ8r5RzuFrPiRn8Gar2tQdXSUQ2GKV3bkXckek89V8wQBY2Q/Aw=="],

    "ansi-escapes": ["ansi-escapes@7.3.0", "", { "dependencies": { "environment": "^1.0.0" } }, "sha512-BvU8nYgGQBxcmMuEeUEmNTvrMVjJNSH7RgW24vXexN4Ven6qCvy4TntnvlnwnMLTVlcRQQdbRY8NKnaIoeWDNg=="],

    "ansi-regex": ["ansi-regex@6.2.2", "", {}, "sha512-Bq3SmSpyFHaWjPk8If9yc6svM8c56dB5BAtW4Qbw5jHTwwXXcTLoRMkpDJp6VL0XzlWaCHTXrkFURMYmD0sLqg=="],

    "ansi-styles": ["ansi-styles@6.2.3", "", {}, "sha512-4Dj6M28JB+oAH8kFkTLUo+a2jwOFkuqb3yucU0CANcRRUbxS0cP0nZYCGjcc3BNXwRIsUVmDGgzawme7zvJHvg=="],

    "auto-bind": ["auto-bind@5.0.1", "", {}, "sha512-ooviqdwwgfIfNmDwo94wlshcdzfO64XV0Cg6oDsDYBJfITDz1EngD2z7DkbvCWn+XIMsIqW27sEVF6qcpJrRcg=="],

    "bun-types": ["bun-types@1.3.14", "", { "dependencies": { "@types/node": "*" } }, "sha512-4N0ig0fEomHt5R0KCFWjovxow98rIoRwKolrYdCcknNwMekCXRnWEUvgu5soYV8QXtVsrUD8B95MBOZGPvr6KQ=="],

    "chalk": ["chalk@5.6.2", "", {}, "sha512-7NzBL0rN6fMUW+f7A6Io4h40qQlG+xGmtMxfbnH/K7TAtt8JQWVQK+6g0UXKMeVJoyV5EkkNsErQ8pVD3bLHbA=="],

    "cli-boxes": ["cli-boxes@4.0.1", "", {}, "sha512-5IOn+jcCEHEraYolBPs/sT4BxYCe2nHg374OPiItB1O96KZFseS2gthU4twyYzeDcFew4DaUM/xwc5BQf08JJw=="],

    "cli-cursor": ["cli-cursor@4.0.0", "", { "dependencies": { "restore-cursor": "^4.0.0" } }, "sha512-VGtlMu3x/4DOtIUwEkRezxUZ2lBacNJCHash0N0WeZDBS+7Ux1dm3XWAgWYxLJFMMdOeXMHXorshEFhbMSGelg=="],

    "cli-truncate": ["cli-truncate@6.0.1", "", { "dependencies": { "slice-ansi": "^9.0.0", "string-width": "^8.2.0" } }, "sha512-2FPVnc3JxdRLONB/9edO1RwuUFFPJ3U2c6XvyccEhjqV5xw6mS22aH27OFdD1u4IYQOEUzXsT6ZU06d1VCSu+Q=="],

    "clogdy": ["clogdy@root:", {}],

    "code-excerpt": ["code-excerpt@4.0.0", "", { "dependencies": { "convert-to-spaces": "^2.0.1" } }, "sha512-xxodCmBen3iy2i0WtAK8FlFNrRzjUqjRsMfho58xT/wvZU1YTM3fCnRjcy1gJPMepaRlgm/0e6w8SpWHpn3/cA=="],

    "convert-to-spaces": ["convert-to-spaces@2.0.1", "", {}, "sha512-rcQ1bsQO9799wq24uE5AM2tAILy4gXGIK/njFWcVQkGNZ96edlpY+A7bjwvzjYvLDyzmG1MmMLZhpcsb+klNMQ=="],

    "csstype": ["csstype@3.2.3", "", {}, "sha512-z1HGKcYy2xA8AGQfwrn0PAy+PB7X/GSj3UVJW9qKyn43xWa+gl5nXmU4qqLMRzWVLFC8KusUX8T/0kCiOYpAIQ=="],

    "environment": ["environment@1.1.0", "", {}, "sha512-xUtoPkMggbz0MPyPiIWr1Kp4aeWJjDZ6SMvURhimjdZgsRuDplF5/s9hcgGhyXMhs+6vpnuoiZ2kFiu3FMnS8Q=="],

    "es-toolkit": ["es-toolkit@1.48.1", "", {}, "sha512-wfnXlwd5I75eXRtdD2vuEs50xHHESECDsGD7yiQnfFVNoa5522NwXEbmgo98LfiukSQHs+mBM7/YG3qKJB9/mQ=="],

    "escape-string-regexp": ["escape-string-regexp@2.0.0", "", {}, "sha512-UpzcLCXolUWcNu5HtVMHYdXJjArjsF9C0aNnquZYY4uW/Vu0miy5YoWvbV345HauVvcAUnpRuhMMcqTcGOY2+w=="],

    "get-east-asian-width": ["get-east-asian-width@1.6.0", "", {}, "sha512-QRbvDIbx6YklUe6RxeTeleMR0yv3cYH6PsPZHcnVn7xv7zO1BHN8r0XETu8n6Ye3Q+ahtSarc3WgtNWmehIBfA=="],

    "hono": ["hono@4.12.27", "", {}, "sha512-1yrb/+w6HWQJrUCLkJ2IF5jNIPvvFkblV5RNOYl6bV+OA6p9GLcMpHFFGTosSvHvcAUibuUukRqhlYI4z32C7Q=="],

    "indent-string": ["indent-string@5.0.0", "", {}, "sha512-m6FAo/spmsW2Ab2fU35JTYwtOKa2yAwXSwgjSv1TJzh4Mh7mC3lzAOVLBprb72XsTrgkEIsl7YrFNAiDiRhIGg=="],

    "ink": ["ink@7.1.0", "", { "dependencies": { "@alcalzone/ansi-tokenize": "^0.3.0", "ansi-escapes": "^7.3.0", "ansi-styles": "^6.2.3", "auto-bind": "^5.0.1", "chalk": "^5.6.2", "cli-boxes": "^4.0.1", "cli-cursor": "^4.0.0", "cli-truncate": "^6.0.0", "code-excerpt": "^4.0.0", "es-toolkit": "^1.45.1", "indent-string": "^5.0.0", "is-in-ci": "^2.0.0", "patch-console": "^2.0.0", "react-reconciler": "^0.33.0", "scheduler": "^0.27.0", "signal-exit": "^3.0.7", "slice-ansi": "^9.0.0", "stack-utils": "^2.0.6", "string-width": "^8.2.0", "terminal-size": "^4.0.1", "type-fest": "^5.5.0", "widest-line": "^6.0.0", "wrap-ansi": "^10.0.0", "ws": "^8.20.0", "yoga-layout": "~3.2.1" }, "peerDependencies": { "@types/react": ">=19.2.0", "react": ">=19.2.0", "react-devtools-core": ">=6.1.2" }, "optionalPeers": ["@types/react", "react-devtools-core"] }, "sha512-VWE6/yeLtFCJBNLflyI2OSylyXK1Rc24LuXup8Qt+icwkmmycFNdbn8IkSp6Frc0h1iA0NOvvi1ajW44U/w3Qg=="],

    "is-fullwidth-code-point": ["is-fullwidth-code-point@5.1.0", "", { "dependencies": { "get-east-asian-width": "^1.3.1" } }, "sha512-5XHYaSyiqADb4RnZ1Bdad6cPp8Toise4TzEjcOYDHZkTCbKgiUl7WTUCpNWHuxmDt91wnsZBc9xinNzopv3JMQ=="],

    "is-in-ci": ["is-in-ci@2.0.0", "", { "bin": { "is-in-ci": "cli.js" } }, "sha512-cFeerHriAnhrQSbpAxL37W1wcJKUUX07HyLWZCW1URJT/ra3GyUTzBgUnh24TMVfNTV2Hij2HLxkPHFZfOZy5w=="],

    "lefthook": ["lefthook@2.1.9", "", { "optionalDependencies": { "lefthook-darwin-arm64": "2.1.9", "lefthook-darwin-x64": "2.1.9", "lefthook-freebsd-arm64": "2.1.9", "lefthook-freebsd-x64": "2.1.9", "lefthook-linux-arm64": "2.1.9", "lefthook-linux-x64": "2.1.9", "lefthook-openbsd-arm64": "2.1.9", "lefthook-openbsd-x64": "2.1.9", "lefthook-windows-arm64": "2.1.9", "lefthook-windows-x64": "2.1.9" }, "bin": { "lefthook": "bin/index.js" } }, "sha512-bwDaIOViTktE8kJLf9jP0p+H2/RDTlFFlc43Am2YgUsX22hI6Sq4RbzsrecwzY5y+MHTipOH7WsmWSEniePHWQ=="],

    "lefthook-darwin-arm64": ["lefthook-darwin-arm64@2.1.9", "", { "os": "darwin", "cpu": "arm64" }, "sha512-119HryNcvr4nqn0wUIrNPgpMEPn9yMQzEcW/lezRsnb56PCJriJB92+MCySPVcWDxJnZef7o0T3jdnPNiSH7Qg=="],

    "lefthook-darwin-x64": ["lefthook-darwin-x64@2.1.9", "", { "os": "darwin", "cpu": "x64" }, "sha512-dwo5Tke2XcQCM56DGHgFKBfRbJIL6xs2wZ0zG1TUVZgl4t4mQUt6LiZ4V/ZQfYHTZF9qywvXoIlR5N35qOaiVQ=="],

    "lefthook-freebsd-arm64": ["lefthook-freebsd-arm64@2.1.9", "", { "os": "freebsd", "cpu": "arm64" }, "sha512-+09PVap6nl6xsaHch5JLtq7WvIR++U1Q2MzA2ai0M4uB/VP3AqrvKqHw6+9hjyKnIH+HHL83uqi77EAY+LaxLA=="],

    "lefthook-freebsd-x64": ["lefthook-freebsd-x64@2.1.9", "", { "os": "freebsd", "cpu": "x64" }, "sha512-8XresjKIYpkE9ARgCtBEZgJZxAU3T4MIqzj4zNy15XRT59I1Us+QdqXTNm+pkZ41Yd2X/nxs2Pkvbq3NWWlIGw=="],

    "lefthook-linux-arm64": ["lefthook-linux-arm64@2.1.9", "", { "os": "linux", "cpu": "arm64" }, "sha512-1oNIQfwrPe6rgU2KcDM3aF6+hpZDCKx1TmawQKpXUY5gVsbZ7MqX0Sk/1lnnWxqPm+kQQ5f6J2dpFWd+4xH8jg=="],

    "lefthook-linux-x64": ["lefthook-linux-x64@2.1.9", "", { "os": "linux", "cpu": "x64" }, "sha512-fT+7Q+BJyGp+CslFQkNXmdFRgyVXsPHPi9NAsDX0a6QOyNnoORByAsvx6zeAKuF5rL3BBgNfho1/v2RuGxGy9w=="],

    "lefthook-openbsd-arm64": ["lefthook-openbsd-arm64@2.1.9", "", { "os": "openbsd", "cpu": "arm64" }, "sha512-4bVuafBk3dddVNo0+3hMbjcJs4mqYAstxpPMmX2ufkudSTYFNIhWoqwuGVQV/SS/xdcOKJAldW4qayAzed2ysw=="],

    "lefthook-openbsd-x64": ["lefthook-openbsd-x64@2.1.9", "", { "os": "openbsd", "cpu": "x64" }, "sha512-PmPoMmLP/wQQWcQ9u2YH86bTZ3UCfBsxuEmVTEyPU2U8R1qSTp5r/Gs3G8cN5Mxo91XB9oBERtF1n+xD3W6aVA=="],

    "lefthook-windows-arm64": ["lefthook-windows-arm64@2.1.9", "", { "os": "win32", "cpu": "arm64" }, "sha512-KphfkBKmwBnmolyrdhIl3lrBaOyTcCgXBT2AB/9OHnEXhOLvv5uTCUkrD4YRAxXPtFKq6UvnapIeoL3GZq0bdA=="],

    "lefthook-windows-x64": ["lefthook-windows-x64@2.1.9", "", { "os": "win32", "cpu": "x64" }, "sha512-2qlUtkJHZ3MyUxgV5XTEmcrIoNZA07iwaquoswAcqv/1MeBFXlD+O+koFRfrzWng2O5WYEbpJnd8tvaYnV8fTA=="],

    "mimic-fn": ["mimic-fn@2.1.0", "", {}, "sha512-OqbOk5oEQeAZ8WXWydlu9HJjz9WVdEIvamMCcXmuqUYjTknH/sqsWvhQ3vgwKFRR1HpjvNBKQ37nbJgYzGqGcg=="],

    "onetime": ["onetime@5.1.2", "", { "dependencies": { "mimic-fn": "^2.1.0" } }, "sha512-kbpaSSGJTWdAY5KPVeMOKXSrPtr8C8C7wodJbcsd51jRnmD+GZu8Y0VoU6Dm5Z4vWr0Ig/1NKuWRKf7j5aaYSg=="],

    "patch-console": ["patch-console@2.0.0", "", {}, "sha512-0YNdUceMdaQwoKce1gatDScmMo5pu/tfABfnzEqeG0gtTmd7mh/WcwgUjtAeOU7N8nFFlbQBnFK2gXW5fGvmMA=="],

    "react": ["react@19.2.7", "", {}, "sha512-HNe9WslTbXmFK8o8cmwgAeJFSBvt1bPdHCVKtaaV+WlAN36mpT4hcRpwbf3fY56ar2oIXzsBpOAiIRHAdY0OlQ=="],

    "react-reconciler": ["react-reconciler@0.33.0", "", { "dependencies": { "scheduler": "^0.27.0" }, "peerDependencies": { "react": "^19.2.0" } }, "sha512-KetWRytFv1epdpJc3J4G75I4WrplZE5jOL7Yq0p34+OVOKF4Se7WrdIdVC45XsSSmUTlht2FM/fM1FZb1mfQeA=="],

    "restore-cursor": ["restore-cursor@4.0.0", "", { "dependencies": { "onetime": "^5.1.0", "signal-exit": "^3.0.2" } }, "sha512-I9fPXU9geO9bHOt9pHHOhOkYerIMsmVaWB0rA2AI9ERh/+x/i7MV5HKBNrg+ljO5eoPVgCcnFuRjJ9uH6I/3eg=="],

    "scheduler": ["scheduler@0.27.0", "", {}, "sha512-eNv+WrVbKu1f3vbYJT/xtiF5syA5HPIMtf9IgY/nKg0sWqzAUEvqY/xm7OcZc/qafLx/iO9FgOmeSAp4v5ti/Q=="],

    "signal-exit": ["signal-exit@3.0.7", "", {}, "sha512-wnD2ZE+l+SPC/uoS0vXeE9L1+0wuaMqKlfz9AMUo38JsyLSBWSFcHR1Rri62LZc12vLr1gb3jl7iwQhgwpAbGQ=="],

    "slice-ansi": ["slice-ansi@9.0.0", "", { "dependencies": { "ansi-styles": "^6.2.3", "is-fullwidth-code-point": "^5.1.0" } }, "sha512-SO/3iYL5S3W57LLEniscOGPZgOqZUPCx6d3dB+52B80yJ0XstzsC/eV8gnA4tM3MHDrKz+OCFSLNjswdSC+/bA=="],

    "stack-utils": ["stack-utils@2.0.6", "", { "dependencies": { "escape-string-regexp": "^2.0.0" } }, "sha512-XlkWvfIm6RmsWtNJx+uqtKLS8eqFbxUg0ZzLXqY0caEy9l7hruX8IpiDnjsLavoBgqCCR71TqWO8MaXYheJ3RQ=="],

    "string-width": ["string-width@8.2.1", "", { "dependencies": { "get-east-asian-width": "^1.5.0", "strip-ansi": "^7.1.2" } }, "sha512-IIaP0g3iy9Cyy18w3M9YcaDudujEAVHKt3a3QJg1+sr/oX96TbaGUubG0hJyCjCBThFH+tFpcIyoUHUn1ogaLA=="],

    "strip-ansi": ["strip-ansi@7.2.0", "", { "dependencies": { "ansi-regex": "^6.2.2" } }, "sha512-yDPMNjp4WyfYBkHnjIRLfca1i6KMyGCtsVgoKe/z1+6vukgaENdgGBZt+ZmKPc4gavvEZ5OgHfHdrazhgNyG7w=="],

    "tagged-tag": ["tagged-tag@1.0.0", "", {}, "sha512-yEFYrVhod+hdNyx7g5Bnkkb0G6si8HJurOoOEgC8B/O0uXLHlaey/65KRv6cuWBNhBgHKAROVpc7QyYqE5gFng=="],

    "terminal-size": ["terminal-size@4.0.1", "", {}, "sha512-avMLDQpUI9I5XFrklECw1ZEUPJhqzcwSWsyyI8blhRLT+8N1jLJWLWWYQpB2q2xthq8xDvjZPISVh53T/+CLYQ=="],

    "type-fest": ["type-fest@5.7.0", "", { "dependencies": { "tagged-tag": "^1.0.0" } }, "sha512-1URUxUqfHFM1c+zfSPsa3gnkO7Aq21qyH75SIduNYz4SzY964rn1X2vCMQaHSHhktiw+0kPa2iyb6PUpXqB6Vg=="],

    "typescript": ["typescript@5.9.3", "", { "bin": { "tsc": "bin/tsc", "tsserver": "bin/tsserver" } }, "sha512-jl1vZzPDinLr9eUt3J/t7V6FgNEw9QjvBPdysz9KfQDD41fQrC2Y4vKQdiaUpFT4bXlb1RHhLpp8wtm6M5TgSw=="],

    "undici-types": ["undici-types@8.3.0", "", {}, "sha512-j375ScV60dom+YkPFIfTLcOiPxkN/buHz5GobjLhixFuANaNs3C9l4GmrWqejgXWJ7BbJcFYpTEUkS1Ge8bpZQ=="],

    "widest-line": ["widest-line@6.0.0", "", { "dependencies": { "string-width": "^8.1.0" } }, "sha512-U89AsyEeAsyoF0zVJBkG9zBgekjgjK7yk9sje3F4IQpXBJ10TF6ByLlIfjMhcmHMJgHZI4KHt4rdNfktzxIAMA=="],

    "wrap-ansi": ["wrap-ansi@10.0.0", "", { "dependencies": { "ansi-styles": "^6.2.3", "string-width": "^8.2.0", "strip-ansi": "^7.1.2" } }, "sha512-SGcvg80f0wUy2/fXES19feHMz8E0JoXv2uNgHOu4Dgi2OrCy1lqwFYEJz1BLbDI0exjPMe/ZdzZ/YpGECBG/aQ=="],

    "ws": ["ws@8.21.0", "", { "peerDependencies": { "bufferutil": "^4.0.1", "utf-8-validate": ">=5.0.2" }, "optionalPeers": ["bufferutil", "utf-8-validate"] }, "sha512-Vsp28b7DRcimFQvrqu2Wek3z1iYxDCWqHYB8Qsnk/S4RfaCQzPGPyBNuVjJV3cd6UiKtUtp6sNM77gWvzcCH+g=="],

    "yoga-layout": ["yoga-layout@3.2.1", "", {}, "sha512-0LPOt3AxKqMdFBZA3HBAt/t/8vIKq7VaQYbuA8WxCgung+p9TVyKRYdpvCb80HcdTN2NkbIKbhNwKUfm3tQywQ=="],

    "@clogdy/analytics/@clogdy/shared": ["@clogdy/shared@file:packages/shared", { "devDependencies": { "@types/bun": "^1.3.14" } }],

    "@clogdy/ingest/@clogdy/shared": ["@clogdy/shared@file:packages/shared", { "devDependencies": { "@types/bun": "^1.3.14" } }],

    "@clogdy/server/@clogdy/ingest": ["@clogdy/ingest@file:packages/ingest", { "dependencies": { "@clogdy/shared": "file:../shared" }, "devDependencies": { "@types/bun": "^1.3.14" } }],

    "@clogdy/server/@clogdy/shared": ["@clogdy/shared@file:packages/shared", { "devDependencies": { "@types/bun": "^1.3.14" } }],

    "@clogdy/web/@clogdy/shared": ["@clogdy/shared@file:packages/shared", { "devDependencies": { "@types/bun": "^1.3.14" } }],

    "@clogdy/server/@clogdy/ingest/@clogdy/shared": ["@clogdy/shared@file:packages/shared", { "devDependencies": { "@types/bun": "^1.3.14" } }],
  }
}
